
Microsoft Visual Studio Solution File, Format Version 12.00
# Visual Studio Version 16
VisualStudioVersion = 16.0.33328.57
MinimumVisualStudioVersion = 10.0.40219.1
Project("{FAE04EC0-301F-11D3-BF4B-00C04F79EFBC}") = "p149IfElse", "p149IfElse\p149IfElse.csproj", "{55DAB64B-4519-41F8-B84B-3069457AE1A4}"
EndProject
Global
	GlobalSection(SolutionConfigurationPlatforms) = preSolution
		Debug|Any CPU = Debug|Any CPU
		Release|Any CPU = Release|Any CPU
	EndGlobalSection
	GlobalSection(ProjectConfigurationPlatforms) = postSolution
		{55DAB64B-4519-41F8-B84B-3069457AE1A4}.Debug|Any CPU.ActiveCfg = Debug|Any CPU
		{55DAB64B-4519-41F8-B84B-3069457AE1A4}.Debug|Any CPU.Build.0 = Debug|Any CPU
		{55DAB64B-4519-41F8-B84B-3069457AE1A4}.Release|Any CPU.ActiveCfg = Release|Any CPU
		{55DAB64B-4519-41F8-B84B-3069457AE1A4}.Release|Any CPU.Build.0 = Release|Any CPU
	EndGlobalSection
	GlobalSection(SolutionProperties) = preSolution
		HideSolutionNode = FALSE
	EndGlobalSection
	GlobalSection(ExtensibilityGlobals) = postSolution
		SolutionGuid = {F9A89DB1-FFD7-470B-B3CE-7EEEC9363A25}
	EndGlobalSection
EndGlobal
