
Microsoft Visual Studio Solution File, Format Version 12.00
# Visual Studio Version 16
VisualStudioVersion = 16.0.33328.57
MinimumVisualStudioVersion = 10.0.40219.1
Project("{FAE04EC0-301F-11D3-BF4B-00C04F79EFBC}") = "p151_ex2", "p151_ex2\p151_ex2.csproj", "{C909F57F-20C2-485E-ADC6-E9B101DCD0B9}"
EndProject
Project("{FAE04EC0-301F-11D3-BF4B-00C04F79EFBC}") = "p151_ex3", "p151_ex3\p151_ex3.csproj", "{34C1BF8A-2D9E-453D-9D96-095D0AF6A216}"
EndProject
Project("{FAE04EC0-301F-11D3-BF4B-00C04F79EFBC}") = "p151_ex4", "p151_ex4\p151_ex4.csproj", "{3810F162-D308-4052-A3FF-6B7E4FF06DBC}"
EndProject
Project("{FAE04EC0-301F-11D3-BF4B-00C04F79EFBC}") = "p151_ex5", "p151_ex5\p151_ex5.csproj", "{207F2995-3572-465B-A408-9EB05508439E}"
EndProject
Project("{FAE04EC0-301F-11D3-BF4B-00C04F79EFBC}") = "p151_ex6", "p151_ex6\p151_ex6.csproj", "{869FCCE9-8303-4A6F-B8BB-DFDBB68CB0FF}"
EndProject
Project("{FAE04EC0-301F-11D3-BF4B-00C04F79EFBC}") = "p161_ex2", "p161_ex2\p161_ex2.csproj", "{3E64C846-E54C-432F-A406-29F12D440CE6}"
EndProject
Project("{FAE04EC0-301F-11D3-BF4B-00C04F79EFBC}") = "p149_If", "p149_If\p149_If.csproj", "{5608A9F8-7444-46FF-82CE-0DF0775ABD0E}"
EndProject
Project("{FAE04EC0-301F-11D3-BF4B-00C04F79EFBC}") = "p154_Switch", "p154_Switch\p154_Switch.csproj", "{A011CB66-7165-4AD4-9601-483944A1C2EE}"
EndProject
Project("{FAE04EC0-301F-11D3-BF4B-00C04F79EFBC}") = "p161_ex3", "p161_ex3\p161_ex3.csproj", "{13F1BFF9-FDC2-4C08-B6B7-B9253C165B30}"
EndProject
Project("{FAE04EC0-301F-11D3-BF4B-00C04F79EFBC}") = "p161_ex4", "p161_ex4\p161_ex4.csproj", "{BFA53595-392E-47D5-86F5-13C82B554D53}"
EndProject
Project("{FAE04EC0-301F-11D3-BF4B-00C04F79EFBC}") = "p163_While", "p163_While\p163_While.csproj", "{0654A033-385F-46BB-B476-F777B8C791BC}"
EndProject
Project("{FAE04EC0-301F-11D3-BF4B-00C04F79EFBC}") = "p168_For", "p168_For\p168_For.csproj", "{CCD3D8DC-7AB2-4829-8609-1C8BBA584FF9}"
EndProject
Project("{FAE04EC0-301F-11D3-BF4B-00C04F79EFBC}") = "p171_ForEach", "p171_ForEach\p171_ForEach.csproj", "{B60AA0AB-F1CC-4385-9E9C-7D679089DEEC}"
EndProject
Project("{FAE04EC0-301F-11D3-BF4B-00C04F79EFBC}") = "p175_Break", "p175_Break\p175_Break.csproj", "{636E6B37-F836-4761-AF4F-1E013D46AEE7}"
EndProject
Project("{FAE04EC0-301F-11D3-BF4B-00C04F79EFBC}") = "p177_Continue", "p177_Continue\p177_Continue.csproj", "{EF474E05-24CD-41F9-8E75-D7586F83CCD3}"
EndProject
Project("{FAE04EC0-301F-11D3-BF4B-00C04F79EFBC}") = "p179_Goto", "p179_Goto\p179_Goto.csproj", "{61266787-3BD6-42BA-9E2C-7253880030FE}"
EndProject
Project("{FAE04EC0-301F-11D3-BF4B-00C04F79EFBC}") = "SunMyeongEun_ex1", "SunMyeongEun_ex1\SunMyeongEun_ex1.csproj", "{35CAD48F-3183-48D2-9E6F-0F43F9FB8EFD}"
EndProject
Project("{FAE04EC0-301F-11D3-BF4B-00C04F79EFBC}") = "SunMyeongEun_ex2", "SunMyeongEun_ex2\SunMyeongEun_ex2.csproj", "{457521E7-3392-4B33-BA7B-5196D3E0C337}"
EndProject
Project("{FAE04EC0-301F-11D3-BF4B-00C04F79EFBC}") = "SunMyeongEun_ex3", "SunMyeongEun_ex3\SunMyeongEun_ex3.csproj", "{2B49B2AE-F30A-408F-A663-2981B8361E98}"
EndProject
Project("{FAE04EC0-301F-11D3-BF4B-00C04F79EFBC}") = "SunMyeongEun_ex4", "SunMyeongEun_ex4\SunMyeongEun_ex4.csproj", "{A7026DEB-2CD2-4C9D-B97F-AB4F99B6F42A}"
EndProject
Global
	GlobalSection(SolutionConfigurationPlatforms) = preSolution
		Debug|Any CPU = Debug|Any CPU
		Release|Any CPU = Release|Any CPU
	EndGlobalSection
	GlobalSection(ProjectConfigurationPlatforms) = postSolution
		{C909F57F-20C2-485E-ADC6-E9B101DCD0B9}.Debug|Any CPU.ActiveCfg = Debug|Any CPU
		{C909F57F-20C2-485E-ADC6-E9B101DCD0B9}.Debug|Any CPU.Build.0 = Debug|Any CPU
		{C909F57F-20C2-485E-ADC6-E9B101DCD0B9}.Release|Any CPU.ActiveCfg = Release|Any CPU
		{C909F57F-20C2-485E-ADC6-E9B101DCD0B9}.Release|Any CPU.Build.0 = Release|Any CPU
		{34C1BF8A-2D9E-453D-9D96-095D0AF6A216}.Debug|Any CPU.ActiveCfg = Debug|Any CPU
		{34C1BF8A-2D9E-453D-9D96-095D0AF6A216}.Debug|Any CPU.Build.0 = Debug|Any CPU
		{34C1BF8A-2D9E-453D-9D96-095D0AF6A216}.Release|Any CPU.ActiveCfg = Release|Any CPU
		{34C1BF8A-2D9E-453D-9D96-095D0AF6A216}.Release|Any CPU.Build.0 = Release|Any CPU
		{3810F162-D308-4052-A3FF-6B7E4FF06DBC}.Debug|Any CPU.ActiveCfg = Debug|Any CPU
		{3810F162-D308-4052-A3FF-6B7E4FF06DBC}.Debug|Any CPU.Build.0 = Debug|Any CPU
		{3810F162-D308-4052-A3FF-6B7E4FF06DBC}.Release|Any CPU.ActiveCfg = Release|Any CPU
		{3810F162-D308-4052-A3FF-6B7E4FF06DBC}.Release|Any CPU.Build.0 = Release|Any CPU
		{207F2995-3572-465B-A408-9EB05508439E}.Debug|Any CPU.ActiveCfg = Debug|Any CPU
		{207F2995-3572-465B-A408-9EB05508439E}.Debug|Any CPU.Build.0 = Debug|Any CPU
		{207F2995-3572-465B-A408-9EB05508439E}.Release|Any CPU.ActiveCfg = Release|Any CPU
		{207F2995-3572-465B-A408-9EB05508439E}.Release|Any CPU.Build.0 = Release|Any CPU
		{869FCCE9-8303-4A6F-B8BB-DFDBB68CB0FF}.Debug|Any CPU.ActiveCfg = Debug|Any CPU
		{869FCCE9-8303-4A6F-B8BB-DFDBB68CB0FF}.Debug|Any CPU.Build.0 = Debug|Any CPU
		{869FCCE9-8303-4A6F-B8BB-DFDBB68CB0FF}.Release|Any CPU.ActiveCfg = Release|Any CPU
		{869FCCE9-8303-4A6F-B8BB-DFDBB68CB0FF}.Release|Any CPU.Build.0 = Release|Any CPU
		{3E64C846-E54C-432F-A406-29F12D440CE6}.Debug|Any CPU.ActiveCfg = Debug|Any CPU
		{3E64C846-E54C-432F-A406-29F12D440CE6}.Debug|Any CPU.Build.0 = Debug|Any CPU
		{3E64C846-E54C-432F-A406-29F12D440CE6}.Release|Any CPU.ActiveCfg = Release|Any CPU
		{3E64C846-E54C-432F-A406-29F12D440CE6}.Release|Any CPU.Build.0 = Release|Any CPU
		{5608A9F8-7444-46FF-82CE-0DF0775ABD0E}.Debug|Any CPU.ActiveCfg = Debug|Any CPU
		{5608A9F8-7444-46FF-82CE-0DF0775ABD0E}.Debug|Any CPU.Build.0 = Debug|Any CPU
		{5608A9F8-7444-46FF-82CE-0DF0775ABD0E}.Release|Any CPU.ActiveCfg = Release|Any CPU
		{5608A9F8-7444-46FF-82CE-0DF0775ABD0E}.Release|Any CPU.Build.0 = Release|Any CPU
		{A011CB66-7165-4AD4-9601-483944A1C2EE}.Debug|Any CPU.ActiveCfg = Debug|Any CPU
		{A011CB66-7165-4AD4-9601-483944A1C2EE}.Debug|Any CPU.Build.0 = Debug|Any CPU
		{A011CB66-7165-4AD4-9601-483944A1C2EE}.Release|Any CPU.ActiveCfg = Release|Any CPU
		{A011CB66-7165-4AD4-9601-483944A1C2EE}.Release|Any CPU.Build.0 = Release|Any CPU
		{13F1BFF9-FDC2-4C08-B6B7-B9253C165B30}.Debug|Any CPU.ActiveCfg = Debug|Any CPU
		{13F1BFF9-FDC2-4C08-B6B7-B9253C165B30}.Debug|Any CPU.Build.0 = Debug|Any CPU
		{13F1BFF9-FDC2-4C08-B6B7-B9253C165B30}.Release|Any CPU.ActiveCfg = Release|Any CPU
		{13F1BFF9-FDC2-4C08-B6B7-B9253C165B30}.Release|Any CPU.Build.0 = Release|Any CPU
		{BFA53595-392E-47D5-86F5-13C82B554D53}.Debug|Any CPU.ActiveCfg = Debug|Any CPU
		{BFA53595-392E-47D5-86F5-13C82B554D53}.Debug|Any CPU.Build.0 = Debug|Any CPU
		{BFA53595-392E-47D5-86F5-13C82B554D53}.Release|Any CPU.ActiveCfg = Release|Any CPU
		{BFA53595-392E-47D5-86F5-13C82B554D53}.Release|Any CPU.Build.0 = Release|Any CPU
		{0654A033-385F-46BB-B476-F777B8C791BC}.Debug|Any CPU.ActiveCfg = Debug|Any CPU
		{0654A033-385F-46BB-B476-F777B8C791BC}.Debug|Any CPU.Build.0 = Debug|Any CPU
		{0654A033-385F-46BB-B476-F777B8C791BC}.Release|Any CPU.ActiveCfg = Release|Any CPU
		{0654A033-385F-46BB-B476-F777B8C791BC}.Release|Any CPU.Build.0 = Release|Any CPU
		{CCD3D8DC-7AB2-4829-8609-1C8BBA584FF9}.Debug|Any CPU.ActiveCfg = Debug|Any CPU
		{CCD3D8DC-7AB2-4829-8609-1C8BBA584FF9}.Debug|Any CPU.Build.0 = Debug|Any CPU
		{CCD3D8DC-7AB2-4829-8609-1C8BBA584FF9}.Release|Any CPU.ActiveCfg = Release|Any CPU
		{CCD3D8DC-7AB2-4829-8609-1C8BBA584FF9}.Release|Any CPU.Build.0 = Release|Any CPU
		{B60AA0AB-F1CC-4385-9E9C-7D679089DEEC}.Debug|Any CPU.ActiveCfg = Debug|Any CPU
		{B60AA0AB-F1CC-4385-9E9C-7D679089DEEC}.Debug|Any CPU.Build.0 = Debug|Any CPU
		{B60AA0AB-F1CC-4385-9E9C-7D679089DEEC}.Release|Any CPU.ActiveCfg = Release|Any CPU
		{B60AA0AB-F1CC-4385-9E9C-7D679089DEEC}.Release|Any CPU.Build.0 = Release|Any CPU
		{636E6B37-F836-4761-AF4F-1E013D46AEE7}.Debug|Any CPU.ActiveCfg = Debug|Any CPU
		{636E6B37-F836-4761-AF4F-1E013D46AEE7}.Debug|Any CPU.Build.0 = Debug|Any CPU
		{636E6B37-F836-4761-AF4F-1E013D46AEE7}.Release|Any CPU.ActiveCfg = Release|Any CPU
		{636E6B37-F836-4761-AF4F-1E013D46AEE7}.Release|Any CPU.Build.0 = Release|Any CPU
		{EF474E05-24CD-41F9-8E75-D7586F83CCD3}.Debug|Any CPU.ActiveCfg = Debug|Any CPU
		{EF474E05-24CD-41F9-8E75-D7586F83CCD3}.Debug|Any CPU.Build.0 = Debug|Any CPU
		{EF474E05-24CD-41F9-8E75-D7586F83CCD3}.Release|Any CPU.ActiveCfg = Release|Any CPU
		{EF474E05-24CD-41F9-8E75-D7586F83CCD3}.Release|Any CPU.Build.0 = Release|Any CPU
		{61266787-3BD6-42BA-9E2C-7253880030FE}.Debug|Any CPU.ActiveCfg = Debug|Any CPU
		{61266787-3BD6-42BA-9E2C-7253880030FE}.Debug|Any CPU.Build.0 = Debug|Any CPU
		{61266787-3BD6-42BA-9E2C-7253880030FE}.Release|Any CPU.ActiveCfg = Release|Any CPU
		{61266787-3BD6-42BA-9E2C-7253880030FE}.Release|Any CPU.Build.0 = Release|Any CPU
		{35CAD48F-3183-48D2-9E6F-0F43F9FB8EFD}.Debug|Any CPU.ActiveCfg = Debug|Any CPU
		{35CAD48F-3183-48D2-9E6F-0F43F9FB8EFD}.Debug|Any CPU.Build.0 = Debug|Any CPU
		{35CAD48F-3183-48D2-9E6F-0F43F9FB8EFD}.Release|Any CPU.ActiveCfg = Release|Any CPU
		{35CAD48F-3183-48D2-9E6F-0F43F9FB8EFD}.Release|Any CPU.Build.0 = Release|Any CPU
		{457521E7-3392-4B33-BA7B-5196D3E0C337}.Debug|Any CPU.ActiveCfg = Debug|Any CPU
		{457521E7-3392-4B33-BA7B-5196D3E0C337}.Debug|Any CPU.Build.0 = Debug|Any CPU
		{457521E7-3392-4B33-BA7B-5196D3E0C337}.Release|Any CPU.ActiveCfg = Release|Any CPU
		{457521E7-3392-4B33-BA7B-5196D3E0C337}.Release|Any CPU.Build.0 = Release|Any CPU
		{2B49B2AE-F30A-408F-A663-2981B8361E98}.Debug|Any CPU.ActiveCfg = Debug|Any CPU
		{2B49B2AE-F30A-408F-A663-2981B8361E98}.Debug|Any CPU.Build.0 = Debug|Any CPU
		{2B49B2AE-F30A-408F-A663-2981B8361E98}.Release|Any CPU.ActiveCfg = Release|Any CPU
		{2B49B2AE-F30A-408F-A663-2981B8361E98}.Release|Any CPU.Build.0 = Release|Any CPU
		{A7026DEB-2CD2-4C9D-B97F-AB4F99B6F42A}.Debug|Any CPU.ActiveCfg = Debug|Any CPU
		{A7026DEB-2CD2-4C9D-B97F-AB4F99B6F42A}.Debug|Any CPU.Build.0 = Debug|Any CPU
		{A7026DEB-2CD2-4C9D-B97F-AB4F99B6F42A}.Release|Any CPU.ActiveCfg = Release|Any CPU
		{A7026DEB-2CD2-4C9D-B97F-AB4F99B6F42A}.Release|Any CPU.Build.0 = Release|Any CPU
	EndGlobalSection
	GlobalSection(SolutionProperties) = preSolution
		HideSolutionNode = FALSE
	EndGlobalSection
	GlobalSection(ExtensibilityGlobals) = postSolution
		SolutionGuid = {F9A89DB1-FFD7-470B-B3CE-7EEEC9363A25}
	EndGlobalSection
EndGlobal
